
Microsoft Visual Studio Solution File, Format Version 12.00
# Visual Studio Version 16
VisualStudioVersion = 16.0.30621.155
MinimumVisualStudioVersion = 10.0.40219.1
Project("{FAE04EC0-301F-11D3-BF4B-00C04F79EFBC}") = "WebApplication1", "WebApplication1\WebApplication1.csproj", "{FD301175-3623-4F48-90B0-DC8412E76842}"
EndProject
Project("{FAE04EC0-301F-11D3-BF4B-00C04F79EFBC}") = "FunctionApp1", "FunctionApp1\FunctionApp1.csproj", "{5683382E-97DF-42AE-8CE2-59956DDA2769}"
EndProject
Global
	GlobalSection(SolutionConfigurationPlatforms) = preSolution
		Debug|Any CPU = Debug|Any CPU
		Release|Any CPU = Release|Any CPU
	EndGlobalSection
	GlobalSection(ProjectConfigurationPlatforms) = postSolution
		{FD301175-3623-4F48-90B0-DC8412E76842}.Debug|Any CPU.ActiveCfg = Debug|Any CPU
		{FD301175-3623-4F48-90B0-DC8412E76842}.Debug|Any CPU.Build.0 = Debug|Any CPU
		{FD301175-3623-4F48-90B0-DC8412E76842}.Release|Any CPU.ActiveCfg = Release|Any CPU
		{FD301175-3623-4F48-90B0-DC8412E76842}.Release|Any CPU.Build.0 = Release|Any CPU
		{5683382E-97DF-42AE-8CE2-59956DDA2769}.Debug|Any CPU.ActiveCfg = Debug|Any CPU
		{5683382E-97DF-42AE-8CE2-59956DDA2769}.Debug|Any CPU.Build.0 = Debug|Any CPU
		{5683382E-97DF-42AE-8CE2-59956DDA2769}.Release|Any CPU.ActiveCfg = Release|Any CPU
		{5683382E-97DF-42AE-8CE2-59956DDA2769}.Release|Any CPU.Build.0 = Release|Any CPU
	EndGlobalSection
	GlobalSection(SolutionProperties) = preSolution
		HideSolutionNode = FALSE
	EndGlobalSection
	GlobalSection(ExtensibilityGlobals) = postSolution
		SolutionGuid = {7D926215-DDCC-4065-854C-CFCBCD21588C}
	EndGlobalSection
EndGlobal
